{
  "name": "@shakerquiz/url",
  "version": "0.0.7",
  "lockfileVersion": 3,
  "requires": true,
  "packages": {
    "": {
      "name": "@shakerquiz/url",
      "version": "0.0.7",
      "license": "ISC",
      "dependencies": {
        "@shakerquiz/utilities": "0.5.145"
      }
    },
    "node_modules/@shakerquiz/utilities": {
      "version": "0.5.145",
      "resolved": "https://registry.npmjs.org/@shakerquiz/utilities/-/utilities-0.5.145.tgz",
      "integrity": "sha512-BYSKOOCKi5NSabs73ZF/y4EPjns76IauoiDoiLdvamzQtQe/YzVNRWGBs2lapm8c7UN4OnQkrOOZklxt3vcTAw==",
      "license": "ISC"
    }
  }
}
