{
  "name": "@shakerquiz/url",
  "version": "0.0.27",
  "lockfileVersion": 3,
  "requires": true,
  "packages": {
    "": {
      "name": "@shakerquiz/url",
      "version": "0.0.27",
      "license": "ISC",
      "dependencies": {
        "@shakerquiz/utilities": "0.6.5"
      }
    },
    "node_modules/@shakerquiz/utilities": {
      "version": "0.6.5",
      "resolved": "https://registry.npmjs.org/@shakerquiz/utilities/-/utilities-0.6.5.tgz",
      "integrity": "sha512-lWGeCUtakwV05nHs+LESp0W/GIDMUDoQ553mKxyDCBv3AcA238UrD7A1XMYKKKC3dG7jqq3h8vcZBsYJ3SvhHQ==",
      "license": "ISC"
    }
  }
}
