{
  "name": "@shakerquiz/url",
  "version": "0.0.6",
  "lockfileVersion": 3,
  "requires": true,
  "packages": {
    "": {
      "name": "@shakerquiz/url",
      "version": "0.0.6",
      "license": "ISC",
      "dependencies": {
        "@shakerquiz/utilities": "0.5.143"
      }
    },
    "node_modules/@shakerquiz/utilities": {
      "version": "0.5.143",
      "resolved": "https://registry.npmjs.org/@shakerquiz/utilities/-/utilities-0.5.143.tgz",
      "integrity": "sha512-fzgHcbtEN+cJWl2Eer6ihamTAUb9KKEpsSG14DLc8CP26TzC5Ci/FtAYUO0zgG3XzD0uDR5lkADGTU97IJTmlg==",
      "license": "ISC"
    }
  }
}
